
Microsoft Visual Studio Solution File, Format Version 12.00
# Visual Studio Version 17
VisualStudioVersion = 17.7.34221.43
MinimumVisualStudioVersion = 10.0.40219.1
Project("{FAE04EC0-301F-11D3-BF4B-00C04F79EFBC}") = "DurableFunctionPoC", "DurableFunctionPoC\DurableFunctionPoC.csproj", "{265DCAED-7675-4991-B053-7D7EE9F7FA31}"
EndProject
Global
	GlobalSection(SolutionConfigurationPlatforms) = preSolution
		Debug|Any CPU = Debug|Any CPU
		Release|Any CPU = Release|Any CPU
	EndGlobalSection
	GlobalSection(ProjectConfigurationPlatforms) = postSolution
		{265DCAED-7675-4991-B053-7D7EE9F7FA31}.Debug|Any CPU.ActiveCfg = Debug|Any CPU
		{265DCAED-7675-4991-B053-7D7EE9F7FA31}.Debug|Any CPU.Build.0 = Debug|Any CPU
		{265DCAED-7675-4991-B053-7D7EE9F7FA31}.Release|Any CPU.ActiveCfg = Release|Any CPU
		{265DCAED-7675-4991-B053-7D7EE9F7FA31}.Release|Any CPU.Build.0 = Release|Any CPU
	EndGlobalSection
	GlobalSection(SolutionProperties) = preSolution
		HideSolutionNode = FALSE
	EndGlobalSection
	GlobalSection(ExtensibilityGlobals) = postSolution
		SolutionGuid = {DAB51E26-9B4F-4963-9DBA-2A38AB2B8A73}
	EndGlobalSection
EndGlobal
